Microsoft Visual Studio Solution File, Format Version 12.00
# Visual Studio Version 17
VisualStudioVersion = 17.5.2.0
MinimumVisualStudioVersion = 10.0.40219.1
Project("{FAE04EC0-301F-11D3-BF4B-00C04F79EFBC}") = "ExemploMVC", "ExemploMVC\ExemploMVC.csproj", "{067A6C7E-90A2-A99A-E567-DB622437AD50}"
EndProject
Global
	GlobalSection(SolutionConfigurationPlatforms) = preSolution
		Debug|Any CPU = Debug|Any CPU
		Release|Any CPU = Release|Any CPU
	EndGlobalSection
	GlobalSection(ProjectConfigurationPlatforms) = postSolution
		{067A6C7E-90A2-A99A-E567-DB622437AD50}.Debug|Any CPU.ActiveCfg = Debug|Any CPU
		{067A6C7E-90A2-A99A-E567-DB622437AD50}.Debug|Any CPU.Build.0 = Debug|Any CPU
		{067A6C7E-90A2-A99A-E567-DB622437AD50}.Release|Any CPU.ActiveCfg = Release|Any CPU
		{067A6C7E-90A2-A99A-E567-DB622437AD50}.Release|Any CPU.Build.0 = Release|Any CPU
	EndGlobalSection
	GlobalSection(SolutionProperties) = preSolution
		HideSolutionNode = FALSE
	EndGlobalSection
	GlobalSection(ExtensibilityGlobals) = postSolution
		SolutionGuid = {7C42EA2A-2ECC-41EF-9C0D-87AF100608FB}
	EndGlobalSection
EndGlobal
